<?xml version="1.0" encoding="utf-8"?>
<Project ToolsVersion="4.0" xmlns="http://schemas.microsoft.com/developer/msbuild/2003">
  <ItemGroup>
    <Filter Include="Source Files">
      <UniqueIdentifier>{4FC737F1-C7A5-4376-A066-2A32D752A2FF}</UniqueIdentifier>
      <Extensions>cpp;c;cc;cxx;def;odl;idl;hpj;bat;asm;asmx</Extensions>
    </Filter>
    <Filter Include="Header Files">
      <UniqueIdentifier>{427fef3b-f855-4b7a-af98-fbf9bc521059}</UniqueIdentifier>
    </Filter>
  </ItemGroup>
  <ItemGroup>
    <ClCompile Include="abuse.cpp">
      <Filter>Source Files</Filter>
    </ClCompile>
    <ClCompile Include="affect.cpp">
      <Filter>Source Files</Filter>
    </ClCompile>
    <ClCompile Include="ani.cpp">
      <Filter>Source Files</Filter>
    </ClCompile>
    <ClCompile Include="arena.cpp">
      <Filter>Source Files</Filter>
    </ClCompile>
    <ClCompile Include="AuxiliaryStringWrapper.cpp">
      <Filter>Source Files</Filter>
    </ClCompile>
    <ClCompile Include="banword.cpp">
      <Filter>Source Files</Filter>
    </ClCompile>
    <ClCompile Include="battle.cpp">
      <Filter>Source Files</Filter>
    </ClCompile>
    <ClCompile Include="BattlePassManager.cpp">
      <Filter>Source Files</Filter>
    </ClCompile>
    <ClCompile Include="blend_item.cpp">
      <Filter>Source Files</Filter>
    </ClCompile>
    <ClCompile Include="BlueDragon.cpp">
      <Filter>Source Files</Filter>
    </ClCompile>
    <ClCompile Include="BlueDragon_Binder.cpp">
      <Filter>Source Files</Filter>
    </ClCompile>
    <ClCompile Include="buff_npc_system.cpp">
      <Filter>Source Files</Filter>
    </ClCompile>
    <ClCompile Include="buff_on_attributes.cpp">
      <Filter>Source Files</Filter>
    </ClCompile>
    <ClCompile Include="buffer_manager.cpp">
      <Filter>Source Files</Filter>
    </ClCompile>
    <ClCompile Include="building.cpp">
      <Filter>Source Files</Filter>
    </ClCompile>
    <ClCompile Include="castle.cpp">
      <Filter>Source Files</Filter>
    </ClCompile>
    <ClCompile Include="char.cpp">
      <Filter>Source Files</Filter>
    </ClCompile>
    <ClCompile Include="char_affect.cpp">
      <Filter>Source Files</Filter>
    </ClCompile>
    <ClCompile Include="char_battle.cpp">
      <Filter>Source Files</Filter>
    </ClCompile>
    <ClCompile Include="char_cards.cpp">
      <Filter>Source Files</Filter>
    </ClCompile>
    <ClCompile Include="char_change_empire.cpp">
      <Filter>Source Files</Filter>
    </ClCompile>
    <ClCompile Include="char_dragonsoul.cpp">
      <Filter>Source Files</Filter>
    </ClCompile>
    <ClCompile Include="char_horse.cpp">
      <Filter>Source Files</Filter>
    </ClCompile>
    <ClCompile Include="char_item.cpp">
      <Filter>Source Files</Filter>
    </ClCompile>
    <ClCompile Include="char_manager.cpp">
      <Filter>Source Files</Filter>
    </ClCompile>
    <ClCompile Include="char_quickslot.cpp">
      <Filter>Source Files</Filter>
    </ClCompile>
    <ClCompile Include="char_resist.cpp">
      <Filter>Source Files</Filter>
    </ClCompile>
    <ClCompile Include="char_skill.cpp">
      <Filter>Source Files</Filter>
    </ClCompile>
    <ClCompile Include="char_state.cpp">
      <Filter>Source Files</Filter>
    </ClCompile>
    <ClCompile Include="char_titles.cpp">
      <Filter>Source Files</Filter>
    </ClCompile>
    <ClCompile Include="char_weekly.cpp">
      <Filter>Source Files</Filter>
    </ClCompile>
    <ClCompile Include="cipher.cpp">
      <Filter>Source Files</Filter>
    </ClCompile>
    <ClCompile Include="ClientPackageCryptInfo.cpp">
      <Filter>Source Files</Filter>
    </ClCompile>
    <ClCompile Include="cmd.cpp">
      <Filter>Source Files</Filter>
    </ClCompile>
    <ClCompile Include="cmd_emotion.cpp">
      <Filter>Source Files</Filter>
    </ClCompile>
    <ClCompile Include="cmd_general.cpp">
      <Filter>Source Files</Filter>
    </ClCompile>
    <ClCompile Include="cmd_gm.cpp">
      <Filter>Source Files</Filter>
    </ClCompile>
    <ClCompile Include="cmd_oxevent.cpp">
      <Filter>Source Files</Filter>
    </ClCompile>
    <ClCompile Include="CollectionsSystem.cpp">
      <Filter>Source Files</Filter>
    </ClCompile>
    <ClCompile Include="config.cpp">
      <Filter>Source Files</Filter>
    </ClCompile>
    <ClCompile Include="constants.cpp">
      <Filter>Source Files</Filter>
    </ClCompile>
    <ClCompile Include="Controller.cpp">
      <Filter>Source Files</Filter>
    </ClCompile>
    <ClCompile Include="crc32.cpp">
      <Filter>Source Files</Filter>
    </ClCompile>
    <ClCompile Include="cube.cpp">
      <Filter>Source Files</Filter>
    </ClCompile>
    <ClCompile Include="db.cpp">
      <Filter>Source Files</Filter>
    </ClCompile>
    <ClCompile Include="desc.cpp">
      <Filter>Source Files</Filter>
    </ClCompile>
    <ClCompile Include="desc_client.cpp">
      <Filter>Source Files</Filter>
    </ClCompile>
    <ClCompile Include="desc_manager.cpp">
      <Filter>Source Files</Filter>
    </ClCompile>
    <ClCompile Include="desc_p2p.cpp">
      <Filter>Source Files</Filter>
    </ClCompile>
    <ClCompile Include="dev_log.cpp">
      <Filter>Source Files</Filter>
    </ClCompile>
    <ClCompile Include="dragon_soul_table.cpp">
      <Filter>Source Files</Filter>
    </ClCompile>
    <ClCompile Include="DragonLair.cpp">
      <Filter>Source Files</Filter>
    </ClCompile>
    <ClCompile Include="DragonSoul.cpp">
      <Filter>Source Files</Filter>
    </ClCompile>
    <ClCompile Include="dungeon.cpp">
      <Filter>Source Files</Filter>
    </ClCompile>
    <ClCompile Include="dungeon_info.cpp">
      <Filter>Source Files</Filter>
    </ClCompile>
    <ClCompile Include="DungeonInfoManager.cpp">
      <Filter>Source Files</Filter>
    </ClCompile>
    <ClCompile Include="empire_text_convert.cpp">
      <Filter>Source Files</Filter>
    </ClCompile>
    <ClCompile Include="entity.cpp">
      <Filter>Source Files</Filter>
    </ClCompile>
    <ClCompile Include="entity_view.cpp">
      <Filter>Source Files</Filter>
    </ClCompile>
    <ClCompile Include="event.cpp">
      <Filter>Source Files</Filter>
    </ClCompile>
    <ClCompile Include="event_queue.cpp">
      <Filter>Source Files</Filter>
    </ClCompile>
    <ClCompile Include="exchange.cpp">
      <Filter>Source Files</Filter>
    </ClCompile>
    <ClCompile Include="file_loader.cpp">
      <Filter>Source Files</Filter>
    </ClCompile>
    <ClCompile Include="fish_wiki.cpp">
      <Filter>Source Files</Filter>
    </ClCompile>
    <ClCompile Include="fishing.cpp">
      <Filter>Source Files</Filter>
    </ClCompile>
    <ClCompile Include="FSM.cpp">
      <Filter>Source Files</Filter>
    </ClCompile>
    <ClCompile Include="glove_bonus_manager.cpp">
      <Filter>Source Files</Filter>
    </ClCompile>
    <ClCompile Include="gm.cpp">
      <Filter>Source Files</Filter>
    </ClCompile>
    <ClCompile Include="group_text_parse_tree.cpp">
      <Filter>Source Files</Filter>
    </ClCompile>
    <ClCompile Include="guild.cpp">
      <Filter>Source Files</Filter>
    </ClCompile>
    <ClCompile Include="guild_manager.cpp">
      <Filter>Source Files</Filter>
    </ClCompile>
    <ClCompile Include="guild_war.cpp">
      <Filter>Source Files</Filter>
    </ClCompile>
    <ClCompile Include="horse_rider.cpp">
      <Filter>Source Files</Filter>
    </ClCompile>
    <ClCompile Include="horsename_manager.cpp">
      <Filter>Source Files</Filter>
    </ClCompile>
    <ClCompile Include="input.cpp">
      <Filter>Source Files</Filter>
    </ClCompile>
    <ClCompile Include="input_auth.cpp">
      <Filter>Source Files</Filter>
    </ClCompile>
    <ClCompile Include="input_db.cpp">
      <Filter>Source Files</Filter>
    </ClCompile>
    <ClCompile Include="input_login.cpp">
      <Filter>Source Files</Filter>
    </ClCompile>
    <ClCompile Include="input_main.cpp">
      <Filter>Source Files</Filter>
    </ClCompile>
    <ClCompile Include="input_p2p.cpp">
      <Filter>Source Files</Filter>
    </ClCompile>
    <ClCompile Include="Inventory.cpp">
      <Filter>Source Files</Filter>
    </ClCompile>
    <ClCompile Include="ip_ban.cpp">
      <Filter>Source Files</Filter>
    </ClCompile>
    <ClCompile Include="item.cpp">
      <Filter>Source Files</Filter>
    </ClCompile>
    <ClCompile Include="item_addon.cpp">
      <Filter>Source Files</Filter>
    </ClCompile>
    <ClCompile Include="item_apply_random_table.cpp">
      <Filter>Source Files</Filter>
    </ClCompile>
    <ClCompile Include="item_attribute.cpp">
      <Filter>Source Files</Filter>
    </ClCompile>
    <ClCompile Include="item_manager.cpp">
      <Filter>Source Files</Filter>
    </ClCompile>
    <ClCompile Include="item_manager_idrange.cpp">
      <Filter>Source Files</Filter>
    </ClCompile>
    <ClCompile Include="item_manager_read_tables.cpp">
      <Filter>Source Files</Filter>
    </ClCompile>
    <ClCompile Include="itemshop_manager.cpp">
      <Filter>Source Files</Filter>
    </ClCompile>
    <ClCompile Include="ItemToggle.cpp">
      <Filter>Source Files</Filter>
    </ClCompile>
    <ClCompile Include="locale.cpp">
      <Filter>Source Files</Filter>
    </ClCompile>
    <ClCompile Include="locale_service.cpp">
      <Filter>Source Files</Filter>
    </ClCompile>
    <ClCompile Include="log.cpp">
      <Filter>Source Files</Filter>
    </ClCompile>
    <ClCompile Include="login_data.cpp">
      <Filter>Source Files</Filter>
    </ClCompile>
    <ClCompile Include="lzo_manager.cpp">
      <Filter>Source Files</Filter>
    </ClCompile>
    <ClCompile Include="main.cpp">
      <Filter>Source Files</Filter>
    </ClCompile>
    <ClCompile Include="map_location.cpp">
      <Filter>Source Files</Filter>
    </ClCompile>
    <ClCompile Include="MarkConvert.cpp">
      <Filter>Source Files</Filter>
    </ClCompile>
    <ClCompile Include="MarkImage.cpp">
      <Filter>Source Files</Filter>
    </ClCompile>
    <ClCompile Include="MarkManager.cpp">
      <Filter>Source Files</Filter>
    </ClCompile>
    <ClCompile Include="marriage.cpp">
      <Filter>Source Files</Filter>
    </ClCompile>
    <ClCompile Include="matrix_card.cpp">
      <Filter>Source Files</Filter>
    </ClCompile>
    <ClCompile Include="MemoryBuffer.cpp">
      <Filter>Source Files</Filter>
    </ClCompile>
    <ClCompile Include="messenger_manager.cpp">
      <Filter>Source Files</Filter>
    </ClCompile>
    <ClCompile Include="mining.cpp">
      <Filter>Source Files</Filter>
    </ClCompile>
    <ClCompile Include="mob_manager.cpp">
      <Filter>Source Files</Filter>
    </ClCompile>
    <ClCompile Include="monarch.cpp">
      <Filter>Source Files</Filter>
    </ClCompile>
    <ClCompile Include="MonsterPickuper.cpp">
      <Filter>Source Files</Filter>
    </ClCompile>
    <ClCompile Include="motion.cpp">
      <Filter>Source Files</Filter>
    </ClCompile>
    <ClCompile Include="MountSystem.cpp">
      <Filter>Source Files</Filter>
    </ClCompile>
    <ClCompile Include="new_offlineshop.cpp">
      <Filter>Source Files</Filter>
    </ClCompile>
    <ClCompile Include="new_offlineshop_manager.cpp">
      <Filter>Source Files</Filter>
    </ClCompile>
    <ClCompile Include="new_offlineshop_safebox.cpp">
      <Filter>Source Files</Filter>
    </ClCompile>
    <ClCompile Include="offline_shop.cpp">
      <Filter>Source Files</Filter>
    </ClCompile>
    <ClCompile Include="offlineshop_config.cpp">
      <Filter>Source Files</Filter>
    </ClCompile>
    <ClCompile Include="offlineshop_manager.cpp">
      <Filter>Source Files</Filter>
    </ClCompile>
    <ClCompile Include="over9refine.cpp">
      <Filter>Source Files</Filter>
    </ClCompile>
    <ClCompile Include="OXEvent.cpp">
      <Filter>Source Files</Filter>
    </ClCompile>
    <ClCompile Include="p2p.cpp">
      <Filter>Source Files</Filter>
    </ClCompile>
    <ClCompile Include="packet_info.cpp">
      <Filter>Source Files</Filter>
    </ClCompile>
    <ClCompile Include="PacketAnalyzer.cpp">
      <Filter>Source Files</Filter>
    </ClCompile>
    <ClCompile Include="panama.cpp">
      <Filter>Source Files</Filter>
    </ClCompile>
    <ClCompile Include="party.cpp">
      <Filter>Source Files</Filter>
    </ClCompile>
    <ClCompile Include="PetSystem.cpp">
      <Filter>Source Files</Filter>
    </ClCompile>
    <ClCompile Include="polymorph.cpp">
      <Filter>Source Files</Filter>
    </ClCompile>
    <ClCompile Include="PolySystem.cpp">
      <Filter>Source Files</Filter>
    </ClCompile>
    <ClCompile Include="priv_manager.cpp">
      <Filter>Source Files</Filter>
    </ClCompile>
    <ClCompile Include="ProtoProcessor.cpp">
      <Filter>Source Files</Filter>
    </ClCompile>
    <ClCompile Include="pvp.cpp">
      <Filter>Source Files</Filter>
    </ClCompile>
    <ClCompile Include="questevent.cpp">
      <Filter>Source Files</Filter>
    </ClCompile>
    <ClCompile Include="questlua.cpp">
      <Filter>Source Files</Filter>
    </ClCompile>
    <ClCompile Include="questlua_affect.cpp">
      <Filter>Source Files</Filter>
    </ClCompile>
    <ClCompile Include="questlua_arena.cpp">
      <Filter>Source Files</Filter>
    </ClCompile>
    <ClCompile Include="questlua_building.cpp">
      <Filter>Source Files</Filter>
    </ClCompile>
    <ClCompile Include="questlua_danceevent.cpp">
      <Filter>Source Files</Filter>
    </ClCompile>
    <ClCompile Include="questlua_dnd.cpp">
      <Filter>Source Files</Filter>
    </ClCompile>
    <ClCompile Include="questlua_dragonlair.cpp">
      <Filter>Source Files</Filter>
    </ClCompile>
    <ClCompile Include="questlua_dragonsoul.cpp">
      <Filter>Source Files</Filter>
    </ClCompile>
    <ClCompile Include="questlua_dungeon.cpp">
      <Filter>Source Files</Filter>
    </ClCompile>
    <ClCompile Include="questlua_forked.cpp">
      <Filter>Source Files</Filter>
    </ClCompile>
    <ClCompile Include="questlua_game.cpp">
      <Filter>Source Files</Filter>
    </ClCompile>
    <ClCompile Include="questlua_global.cpp">
      <Filter>Source Files</Filter>
    </ClCompile>
    <ClCompile Include="questlua_guild.cpp">
      <Filter>Source Files</Filter>
    </ClCompile>
    <ClCompile Include="questlua_horse.cpp">
      <Filter>Source Files</Filter>
    </ClCompile>
    <ClCompile Include="questlua_item.cpp">
      <Filter>Source Files</Filter>
    </ClCompile>
    <ClCompile Include="questlua_marriage.cpp">
      <Filter>Source Files</Filter>
    </ClCompile>
    <ClCompile Include="questlua_mgmt.cpp">
      <Filter>Source Files</Filter>
    </ClCompile>
    <ClCompile Include="questlua_monarch.cpp">
      <Filter>Source Files</Filter>
    </ClCompile>
    <ClCompile Include="questlua_npc.cpp">
      <Filter>Source Files</Filter>
    </ClCompile>
    <ClCompile Include="questlua_oxevent.cpp">
      <Filter>Source Files</Filter>
    </ClCompile>
    <ClCompile Include="questlua_party.cpp">
      <Filter>Source Files</Filter>
    </ClCompile>
    <ClCompile Include="questlua_pc.cpp">
      <Filter>Source Files</Filter>
    </ClCompile>
    <ClCompile Include="questlua_pet.cpp">
      <Filter>Source Files</Filter>
    </ClCompile>
    <ClCompile Include="questlua_quest.cpp">
      <Filter>Source Files</Filter>
    </ClCompile>
    <ClCompile Include="questlua_speedserver.cpp">
      <Filter>Source Files</Filter>
    </ClCompile>
    <ClCompile Include="questlua_target.cpp">
      <Filter>Source Files</Filter>
    </ClCompile>
    <ClCompile Include="questmanager.cpp">
      <Filter>Source Files</Filter>
    </ClCompile>
    <ClCompile Include="questnpc.cpp">
      <Filter>Source Files</Filter>
    </ClCompile>
    <ClCompile Include="questpc.cpp">
      <Filter>Source Files</Filter>
    </ClCompile>
    <ClCompile Include="ranking_manager.cpp">
      <Filter>Source Files</Filter>
    </ClCompile>
    <ClCompile Include="RealTimeRegen.cpp">
      <Filter>Source Files</Filter>
    </ClCompile>
    <ClCompile Include="refine.cpp">
      <Filter>Source Files</Filter>
    </ClCompile>
    <ClCompile Include="regen.cpp">
      <Filter>Source Files</Filter>
    </ClCompile>
    <ClCompile Include="resp_manager.cpp">
      <Filter>Source Files</Filter>
    </ClCompile>
    <ClCompile Include="safebox.cpp">
      <Filter>Source Files</Filter>
    </ClCompile>
    <ClCompile Include="sectree.cpp">
      <Filter>Source Files</Filter>
    </ClCompile>
    <ClCompile Include="sectree_manager.cpp">
      <Filter>Source Files</Filter>
    </ClCompile>
    <ClCompile Include="sequence.cpp">
      <Filter>Source Files</Filter>
    </ClCompile>
    <ClCompile Include="server_ranking_manager.cpp">
      <Filter>Source Files</Filter>
    </ClCompile>
    <ClCompile Include="shop.cpp">
      <Filter>Source Files</Filter>
    </ClCompile>
    <ClCompile Include="shop_manager.cpp">
      <Filter>Source Files</Filter>
    </ClCompile>
    <ClCompile Include="shopEx.cpp">
      <Filter>Source Files</Filter>
    </ClCompile>
    <ClCompile Include="shutdown_manager.cpp">
      <Filter>Source Files</Filter>
    </ClCompile>
    <ClCompile Include="skill.cpp">
      <Filter>Source Files</Filter>
    </ClCompile>
    <ClCompile Include="skill_power.cpp">
      <Filter>Source Files</Filter>
    </ClCompile>
    <ClCompile Include="SpeedServer.cpp">
      <Filter>Source Files</Filter>
    </ClCompile>
    <ClCompile Include="start_position.cpp">
      <Filter>Source Files</Filter>
    </ClCompile>
    <ClCompile Include="switchbot.cpp">
      <Filter>Source Files</Filter>
    </ClCompile>
    <ClCompile Include="target.cpp">
      <Filter>Source Files</Filter>
    </ClCompile>
    <ClCompile Include="TeamList.cpp">
      <Filter>Source Files</Filter>
    </ClCompile>
    <ClCompile Include="text_file_loader.cpp">
      <Filter>Source Files</Filter>
    </ClCompile>
    <ClCompile Include="threeway_war.cpp">
      <Filter>Source Files</Filter>
    </ClCompile>
    <ClCompile Include="tombola_manager.cpp">
      <Filter>Source Files</Filter>
    </ClCompile>
    <ClCompile Include="TrafficProfiler.cpp">
      <Filter>Source Files</Filter>
    </ClCompile>
    <ClCompile Include="trigger.cpp">
      <Filter>Source Files</Filter>
    </ClCompile>
    <ClCompile Include="utils.cpp">
      <Filter>Source Files</Filter>
    </ClCompile>
    <ClCompile Include="vector.cpp">
      <Filter>Source Files</Filter>
    </ClCompile>
    <ClCompile Include="VersionManager.cpp">
      <Filter>Source Files</Filter>
    </ClCompile>
    <ClCompile Include="vid.cpp">
      <Filter>Source Files</Filter>
    </ClCompile>
    <ClCompile Include="war_map.cpp">
      <Filter>Source Files</Filter>
    </ClCompile>
    <ClCompile Include="wedding.cpp">
      <Filter>Source Files</Filter>
    </ClCompile>
    <ClCompile Include="worldboss.cpp">
      <Filter>Source Files</Filter>
    </ClCompile>
    <ClCompile Include="xmas_event.cpp">
      <Filter>Source Files</Filter>
    </ClCompile>
    <ClCompile Include="EventFunctionHandler.cpp">
      <Filter>Source Files</Filter>
    </ClCompile>
    <ClCompile Include="summer_hwid_manager.cpp">
      <Filter>Source Files</Filter>
    </ClCompile>
  </ItemGroup>
  <ItemGroup>
    <ClInclude Include="abuse.h">
      <Filter>Header Files</Filter>
    </ClInclude>
    <ClInclude Include="affect.h">
      <Filter>Header Files</Filter>
    </ClInclude>
    <ClInclude Include="affect_flag.h">
      <Filter>Header Files</Filter>
    </ClInclude>
    <ClInclude Include="ani.h">
      <Filter>Header Files</Filter>
    </ClInclude>
    <ClInclude Include="any_function.h">
      <Filter>Header Files</Filter>
    </ClInclude>
    <ClInclude Include="arena.h">
      <Filter>Header Files</Filter>
    </ClInclude>
    <ClInclude Include="argparser.h">
      <Filter>Header Files</Filter>
    </ClInclude>
    <ClInclude Include="banword.h">
      <Filter>Header Files</Filter>
    </ClInclude>
    <ClInclude Include="battle.h">
      <Filter>Header Files</Filter>
    </ClInclude>
    <ClInclude Include="BattleArena.h">
      <Filter>Header Files</Filter>
    </ClInclude>
    <ClInclude Include="BattlePassManager.h">
      <Filter>Header Files</Filter>
    </ClInclude>
    <ClInclude Include="belt_inventory_helper.h">
      <Filter>Header Files</Filter>
    </ClInclude>
    <ClInclude Include="blend_item.h">
      <Filter>Header Files</Filter>
    </ClInclude>
    <ClInclude Include="BlueDragon.h">
      <Filter>Header Files</Filter>
    </ClInclude>
    <ClInclude Include="BlueDragon_Binder.h">
      <Filter>Header Files</Filter>
    </ClInclude>
    <ClInclude Include="BlueDragon_Skill.h">
      <Filter>Header Files</Filter>
    </ClInclude>
    <ClInclude Include="buff_npc_system.h">
      <Filter>Header Files</Filter>
    </ClInclude>
    <ClInclude Include="buff_on_attributes.h">
      <Filter>Header Files</Filter>
    </ClInclude>
    <ClInclude Include="buffer_manager.h">
      <Filter>Header Files</Filter>
    </ClInclude>
    <ClInclude Include="building.h">
      <Filter>Header Files</Filter>
    </ClInclude>
    <ClInclude Include="castle.h">
      <Filter>Header Files</Filter>
    </ClInclude>
    <ClInclude Include="char.h">
      <Filter>Header Files</Filter>
    </ClInclude>
    <ClInclude Include="char_manager.h">
      <Filter>Header Files</Filter>
    </ClInclude>
    <ClInclude Include="cipher.h">
      <Filter>Header Files</Filter>
    </ClInclude>
    <ClInclude Include="ClientPackageCryptInfo.h">
      <Filter>Header Files</Filter>
    </ClInclude>
    <ClInclude Include="cmd.h">
      <Filter>Header Files</Filter>
    </ClInclude>
    <ClInclude Include="config.h">
      <Filter>Header Files</Filter>
    </ClInclude>
    <ClInclude Include="constants.h">
      <Filter>Header Files</Filter>
    </ClInclude>
    <ClInclude Include="crc32.h">
      <Filter>Header Files</Filter>
    </ClInclude>
    <ClInclude Include="cube.h">
      <Filter>Header Files</Filter>
    </ClInclude>
    <ClInclude Include="db.h">
      <Filter>Header Files</Filter>
    </ClInclude>
    <ClInclude Include="debug_allocator.h">
      <Filter>Header Files</Filter>
    </ClInclude>
    <ClInclude Include="debug_allocator_adapter.h">
      <Filter>Header Files</Filter>
    </ClInclude>
    <ClInclude Include="debug_ptr.h">
      <Filter>Header Files</Filter>
    </ClInclude>
    <ClInclude Include="desc.h">
      <Filter>Header Files</Filter>
    </ClInclude>
    <ClInclude Include="desc_client.h">
      <Filter>Header Files</Filter>
    </ClInclude>
    <ClInclude Include="desc_manager.h">
      <Filter>Header Files</Filter>
    </ClInclude>
    <ClInclude Include="desc_p2p.h">
      <Filter>Header Files</Filter>
    </ClInclude>
    <ClInclude Include="dev_log.h">
      <Filter>Header Files</Filter>
    </ClInclude>
    <ClInclude Include="dragon_soul_table.h">
      <Filter>Header Files</Filter>
    </ClInclude>
    <ClInclude Include="DragonLair.h">
      <Filter>Header Files</Filter>
    </ClInclude>
    <ClInclude Include="DragonSoul.h">
      <Filter>Header Files</Filter>
    </ClInclude>
    <ClInclude Include="dungeon.h">
      <Filter>Header Files</Filter>
    </ClInclude>
    <ClInclude Include="dungeon_info.h">
      <Filter>Header Files</Filter>
    </ClInclude>
    <ClInclude Include="empire_text_convert.h">
      <Filter>Header Files</Filter>
    </ClInclude>
    <ClInclude Include="entity.h">
      <Filter>Header Files</Filter>
    </ClInclude>
    <ClInclude Include="event.h">
      <Filter>Header Files</Filter>
    </ClInclude>
    <ClInclude Include="event_queue.h">
      <Filter>Header Files</Filter>
    </ClInclude>
    <ClInclude Include="exchange.h">
      <Filter>Header Files</Filter>
    </ClInclude>
    <ClInclude Include="fifo_allocator.h">
      <Filter>Header Files</Filter>
    </ClInclude>
    <ClInclude Include="file_loader.h">
      <Filter>Header Files</Filter>
    </ClInclude>
    <ClInclude Include="fish_wiki.h">
      <Filter>Header Files</Filter>
    </ClInclude>
    <ClInclude Include="fishing.h">
      <Filter>Header Files</Filter>
    </ClInclude>
    <ClInclude Include="FSM.h">
      <Filter>Header Files</Filter>
    </ClInclude>
    <ClInclude Include="glove_bonus_manager.h">
      <Filter>Header Files</Filter>
    </ClInclude>
    <ClInclude Include="gm.h">
      <Filter>Header Files</Filter>
    </ClInclude>
    <ClInclude Include="group_text_parse_tree.h">
      <Filter>Header Files</Filter>
    </ClInclude>
    <ClInclude Include="guild.h">
      <Filter>Header Files</Filter>
    </ClInclude>
    <ClInclude Include="guild_manager.h">
      <Filter>Header Files</Filter>
    </ClInclude>
    <ClInclude Include="horse_rider.h">
      <Filter>Header Files</Filter>
    </ClInclude>
    <ClInclude Include="horsename_manager.h">
      <Filter>Header Files</Filter>
    </ClInclude>
    <ClInclude Include="ikarus_shop.h">
      <Filter>Header Files</Filter>
    </ClInclude>
    <ClInclude Include="ikarus_shop_manager.h">
      <Filter>Header Files</Filter>
    </ClInclude>
    <ClInclude Include="input.h">
      <Filter>Header Files</Filter>
    </ClInclude>
    <ClInclude Include="ip_ban.h">
      <Filter>Header Files</Filter>
    </ClInclude>
    <ClInclude Include="item.h">
      <Filter>Header Files</Filter>
    </ClInclude>
    <ClInclude Include="item_addon.h">
      <Filter>Header Files</Filter>
    </ClInclude>
    <ClInclude Include="item_apply_random_table.h">
      <Filter>Header Files</Filter>
    </ClInclude>
    <ClInclude Include="item_manager.h">
      <Filter>Header Files</Filter>
    </ClInclude>
    <ClInclude Include="item_manager_private_types.h">
      <Filter>Header Files</Filter>
    </ClInclude>
    <ClInclude Include="itemshop_manager.h">
      <Filter>Header Files</Filter>
    </ClInclude>
    <ClInclude Include="limit_time.h">
      <Filter>Header Files</Filter>
    </ClInclude>
    <ClInclude Include="locale_service.h">
      <Filter>Header Files</Filter>
    </ClInclude>
    <ClInclude Include="log.h">
      <Filter>Header Files</Filter>
    </ClInclude>
    <ClInclude Include="login_data.h">
      <Filter>Header Files</Filter>
    </ClInclude>
    <ClInclude Include="login_sim.h">
      <Filter>Header Files</Filter>
    </ClInclude>
    <ClInclude Include="lua_incl.h">
      <Filter>Header Files</Filter>
    </ClInclude>
    <ClInclude Include="lzo_manager.h">
      <Filter>Header Files</Filter>
    </ClInclude>
    <ClInclude Include="malloc_allocator.h">
      <Filter>Header Files</Filter>
    </ClInclude>
    <ClInclude Include="map_location.h">
      <Filter>Header Files</Filter>
    </ClInclude>
    <ClInclude Include="MarkImage.h">
      <Filter>Header Files</Filter>
    </ClInclude>
    <ClInclude Include="MarkManager.h">
      <Filter>Header Files</Filter>
    </ClInclude>
    <ClInclude Include="marriage.h">
      <Filter>Header Files</Filter>
    </ClInclude>
    <ClInclude Include="matrix_card.h">
      <Filter>Header Files</Filter>
    </ClInclude>
    <ClInclude Include="MemoryBuffer.h">
      <Filter>Header Files</Filter>
    </ClInclude>
    <ClInclude Include="messenger_manager.h">
      <Filter>Header Files</Filter>
    </ClInclude>
    <ClInclude Include="mining.h">
      <Filter>Header Files</Filter>
    </ClInclude>
    <ClInclude Include="mob_manager.h">
      <Filter>Header Files</Filter>
    </ClInclude>
    <ClInclude Include="monarch.h">
      <Filter>Header Files</Filter>
    </ClInclude>
    <ClInclude Include="motion.h">
      <Filter>Header Files</Filter>
    </ClInclude>
    <ClInclude Include="MountSystem.h">
      <Filter>Header Files</Filter>
    </ClInclude>
    <ClInclude Include="new_offlineshop.h">
      <Filter>Header Files</Filter>
    </ClInclude>
    <ClInclude Include="new_offlineshop_manager.h">
      <Filter>Header Files</Filter>
    </ClInclude>
    <ClInclude Include="object_allocator.h">
      <Filter>Header Files</Filter>
    </ClInclude>
    <ClInclude Include="offline_shop.h">
      <Filter>Header Files</Filter>
    </ClInclude>
    <ClInclude Include="offlineshop_config.h">
      <Filter>Header Files</Filter>
    </ClInclude>
    <ClInclude Include="offlineshop_manager.h">
      <Filter>Header Files</Filter>
    </ClInclude>
    <ClInclude Include="over9refine.h">
      <Filter>Header Files</Filter>
    </ClInclude>
    <ClInclude Include="OXEvent.h">
      <Filter>Header Files</Filter>
    </ClInclude>
    <ClInclude Include="p2p.h">
      <Filter>Header Files</Filter>
    </ClInclude>
    <ClInclude Include="packet.h">
      <Filter>Header Files</Filter>
    </ClInclude>
    <ClInclude Include="packet_info.h">
      <Filter>Header Files</Filter>
    </ClInclude>
    <ClInclude Include="panama.h">
      <Filter>Header Files</Filter>
    </ClInclude>
    <ClInclude Include="party.h">
      <Filter>Header Files</Filter>
    </ClInclude>
    <ClInclude Include="PetSystem.h">
      <Filter>Header Files</Filter>
    </ClInclude>
    <ClInclude Include="polymorph.h">
      <Filter>Header Files</Filter>
    </ClInclude>
    <ClInclude Include="PolySystem.h">
      <Filter>Header Files</Filter>
    </ClInclude>
    <ClInclude Include="pool.h">
      <Filter>Header Files</Filter>
    </ClInclude>
    <ClInclude Include="priv_manager.h">
      <Filter>Header Files</Filter>
    </ClInclude>
    <ClInclude Include="profiler.h">
      <Filter>Header Files</Filter>
    </ClInclude>
    <ClInclude Include="protocol.h">
      <Filter>Header Files</Filter>
    </ClInclude>
    <ClInclude Include="ProtoProcessor.h">
      <Filter>Header Files</Filter>
    </ClInclude>
    <ClInclude Include="pvp.h">
      <Filter>Header Files</Filter>
    </ClInclude>
    <ClInclude Include="quest.h">
      <Filter>Header Files</Filter>
    </ClInclude>
    <ClInclude Include="questevent.h">
      <Filter>Header Files</Filter>
    </ClInclude>
    <ClInclude Include="questlua.h">
      <Filter>Header Files</Filter>
    </ClInclude>
    <ClInclude Include="questmanager.h">
      <Filter>Header Files</Filter>
    </ClInclude>
    <ClInclude Include="questnpc.h">
      <Filter>Header Files</Filter>
    </ClInclude>
    <ClInclude Include="questpc.h">
      <Filter>Header Files</Filter>
    </ClInclude>
    <ClInclude Include="ranking_manager.h">
      <Filter>Header Files</Filter>
    </ClInclude>
    <ClInclude Include="refine.h">
      <Filter>Header Files</Filter>
    </ClInclude>
    <ClInclude Include="regen.h">
      <Filter>Header Files</Filter>
    </ClInclude>
    <ClInclude Include="resp_manager.h">
      <Filter>Header Files</Filter>
    </ClInclude>
    <ClInclude Include="safebox.h">
      <Filter>Header Files</Filter>
    </ClInclude>
    <ClInclude Include="sectree.h">
      <Filter>Header Files</Filter>
    </ClInclude>
    <ClInclude Include="sectree_manager.h">
      <Filter>Header Files</Filter>
    </ClInclude>
    <ClInclude Include="sequence.h">
      <Filter>Header Files</Filter>
    </ClInclude>
    <ClInclude Include="server_ranking_manager.h">
      <Filter>Header Files</Filter>
    </ClInclude>
    <ClInclude Include="shop.h">
      <Filter>Header Files</Filter>
    </ClInclude>
    <ClInclude Include="shop_manager.h">
      <Filter>Header Files</Filter>
    </ClInclude>
    <ClInclude Include="shopEx.h">
      <Filter>Header Files</Filter>
    </ClInclude>
    <ClInclude Include="shutdown_manager.h">
      <Filter>Header Files</Filter>
    </ClInclude>
    <ClInclude Include="skill.h">
      <Filter>Header Files</Filter>
    </ClInclude>
    <ClInclude Include="skill_power.h">
      <Filter>Header Files</Filter>
    </ClInclude>
    <ClInclude Include="spam.h">
      <Filter>Header Files</Filter>
    </ClInclude>
    <ClInclude Include="SpeedServer.h">
      <Filter>Header Files</Filter>
    </ClInclude>
    <ClInclude Include="stable_priority_queue.h">
      <Filter>Header Files</Filter>
    </ClInclude>
    <ClInclude Include="start_position.h">
      <Filter>Header Files</Filter>
    </ClInclude>
    <ClInclude Include="state.h">
      <Filter>Header Files</Filter>
    </ClInclude>
    <ClInclude Include="stdafx.h">
      <Filter>Header Files</Filter>
    </ClInclude>
    <ClInclude Include="switchbot.h">
      <Filter>Header Files</Filter>
    </ClInclude>
    <ClInclude Include="target.h">
      <Filter>Header Files</Filter>
    </ClInclude>
    <ClInclude Include="text_file_loader.h">
      <Filter>Header Files</Filter>
    </ClInclude>
    <ClInclude Include="threeway_war.h">
      <Filter>Header Files</Filter>
    </ClInclude>
    <ClInclude Include="tombola_manager.h">
      <Filter>Header Files</Filter>
    </ClInclude>
    <ClInclude Include="TrafficProfiler.h">
      <Filter>Header Files</Filter>
    </ClInclude>
    <ClInclude Include="typedef.h">
      <Filter>Header Files</Filter>
    </ClInclude>
    <ClInclude Include="unique_item.h">
      <Filter>Header Files</Filter>
    </ClInclude>
    <ClInclude Include="utils.h">
      <Filter>Header Files</Filter>
    </ClInclude>
    <ClInclude Include="vector.h">
      <Filter>Header Files</Filter>
    </ClInclude>
    <ClInclude Include="vid.h">
      <Filter>Header Files</Filter>
    </ClInclude>
    <ClInclude Include="war_map.h">
      <Filter>Header Files</Filter>
    </ClInclude>
    <ClInclude Include="wedding.h">
      <Filter>Header Files</Filter>
    </ClInclude>
    <ClInclude Include="worldboss.h">
      <Filter>Header Files</Filter>
    </ClInclude>
    <ClInclude Include="xmas_event.h">
      <Filter>Header Files</Filter>
    </ClInclude>
    <ClInclude Include="AuthQueue.hpp">
      <Filter>Header Files</Filter>
    </ClInclude>
    <ClInclude Include="AuxiliaryStringWrapper.hpp">
      <Filter>Header Files</Filter>
    </ClInclude>
    <ClInclude Include="CollectionsSystem.hpp">
      <Filter>Header Files</Filter>
    </ClInclude>
    <ClInclude Include="Controller.hpp">
      <Filter>Header Files</Filter>
    </ClInclude>
    <ClInclude Include="DungeonInfoManager.hpp">
      <Filter>Header Files</Filter>
    </ClInclude>
    <ClInclude Include="DynamicPacket.hpp">
      <Filter>Header Files</Filter>
    </ClInclude>
    <ClInclude Include="Inventory.hpp">
      <Filter>Header Files</Filter>
    </ClInclude>
    <ClInclude Include="ItemToggle.hpp">
      <Filter>Header Files</Filter>
    </ClInclude>
    <ClInclude Include="locale.hpp">
      <Filter>Header Files</Filter>
    </ClInclude>
    <ClInclude Include="MonsterPickuper.hpp">
      <Filter>Header Files</Filter>
    </ClInclude>
    <ClInclude Include="PacketAnalyzer.hpp">
      <Filter>Header Files</Filter>
    </ClInclude>
    <ClInclude Include="RealTimeRegen.hpp">
      <Filter>Header Files</Filter>
    </ClInclude>
    <ClInclude Include="SmartSerializer.hpp">
      <Filter>Header Files</Filter>
    </ClInclude>
    <ClInclude Include="TeamList.hpp">
      <Filter>Header Files</Filter>
    </ClInclude>
    <ClInclude Include="Timer.hpp">
      <Filter>Header Files</Filter>
    </ClInclude>
    <ClInclude Include="VersionManager.hpp">
      <Filter>Header Files</Filter>
    </ClInclude>
    <ClInclude Include="networkutils.hpp">
      <Filter>Header Files</Filter>
    </ClInclude>
    <ClInclude Include="EventFunctionHandler.hpp">
      <Filter>Source Files</Filter>
    </ClInclude>
    <ClInclude Include="summer_hwid_manager.h" />
  </ItemGroup>
</Project>